
Microsoft Visual Studio Solution File, Format Version 12.00
# Visual Studio Version 16
VisualStudioVersion = 16.0.31729.503
MinimumVisualStudioVersion = 10.0.40219.1
Project("{FAE04EC0-301F-11D3-BF4B-00C04F79EFBC}") = "AVG_Scale_Installer", "AVG_Scale_Installer.csproj", "{635C46EE-76D3-49A4-998E-F8B3523CFAF4}"
EndProject
Global
	GlobalSection(SolutionConfigurationPlatforms) = preSolution
		Debug|Any CPU = Debug|Any CPU
		Release|Any CPU = Release|Any CPU
	EndGlobalSection
	GlobalSection(ProjectConfigurationPlatforms) = postSolution
		{635C46EE-76D3-49A4-998E-F8B3523CFAF4}.Debug|Any CPU.ActiveCfg = Debug|Any CPU
		{635C46EE-76D3-49A4-998E-F8B3523CFAF4}.Debug|Any CPU.Build.0 = Debug|Any CPU
		{635C46EE-76D3-49A4-998E-F8B3523CFAF4}.Debug|Any CPU.Deploy.0 = Debug|Any CPU
		{635C46EE-76D3-49A4-998E-F8B3523CFAF4}.Release|Any CPU.ActiveCfg = Release|Any CPU
		{635C46EE-76D3-49A4-998E-F8B3523CFAF4}.Release|Any CPU.Build.0 = Release|Any CPU
		{635C46EE-76D3-49A4-998E-F8B3523CFAF4}.Release|Any CPU.Deploy.0 = Release|Any CPU
	EndGlobalSection
	GlobalSection(SolutionProperties) = preSolution
		HideSolutionNode = FALSE
	EndGlobalSection
	GlobalSection(ExtensibilityGlobals) = postSolution
		SolutionGuid = {26D392EF-5E11-44FC-BCB3-4A6F319A2762}
	EndGlobalSection
EndGlobal
